
Microsoft Visual Studio Solution File, Format Version 12.00
# Visual Studio Version 17
VisualStudioVersion = 17.0.31903.59
MinimumVisualStudioVersion = 10.0.40219.1
Project("{2150E333-8FDC-42A3-9474-1A3956D46DE8}") = "src", "src", "{827E0CD3-B72D-47B6-A68D-7590B98EB39B}"
EndProject
Project("{2150E333-8FDC-42A3-9474-1A3956D46DE8}") = "2 - Core", "2 - Core", "{8D626EA8-CB54-BC41-363A-217881BEBA6E}"
EndProject
Project("{FAE04EC0-301F-11D3-BF4B-00C04F79EFBC}") = "Application", "src\Core\Application\Application.csproj", "{442C1192-BBC5-4442-A188-48F8C5A8E6AE}"
EndProject
Project("{FAE04EC0-301F-11D3-BF4B-00C04F79EFBC}") = "Domain", "src\Core\Domain\Domain.csproj", "{FD5E4527-F7A3-4EF6-87E8-717E72806504}"
EndProject
Project("{2150E333-8FDC-42A3-9474-1A3956D46DE8}") = "1 - Presentation", "1 - Presentation", "{981C2CF6-E5BB-602A-511C-234B538302B0}"
EndProject
Project("{2150E333-8FDC-42A3-9474-1A3956D46DE8}") = "3 - Infra", "3 - Infra", "{15879CB8-7A3F-14CE-5390-BDD4BAA5791B}"
EndProject
Project("{FAE04EC0-301F-11D3-BF4B-00C04F79EFBC}") = "Infra.Database", "src\Infra\Database\Infra.Database.csproj", "{B9BB17BF-5F91-4132-873D-65F30E496246}"
EndProject
Project("{2150E333-8FDC-42A3-9474-1A3956D46DE8}") = "Tests", "Tests", "{CEA09484-30F6-4D44-02F6-822E06DBC57C}"
EndProject
Project("{FAE04EC0-301F-11D3-BF4B-00C04F79EFBC}") = "Unit.Tests", "tests\Unit.Tests\Unit.Tests.csproj", "{37CE3454-6F0E-4655-9EB4-ECB21354DD7D}"
EndProject
Project("{00D1A9C2-B5F0-4AF3-8072-F6C62B433612}") = "Infra.Database.Scripts", "src\Infra\Database.Scripts\Infra.Database.Scripts.sqlproj", "{68B17B9B-026A-4C05-8736-6DF869AFA359}"
EndProject
Project("{FAE04EC0-301F-11D3-BF4B-00C04F79EFBC}") = "Books.API", "src\Presentation\BookS.API\Books.API.csproj", "{5CCB2103-1DF9-39CB-4350-EBBF945ADF4C}"
EndProject
Global
	GlobalSection(SolutionConfigurationPlatforms) = preSolution
		Debug|Any CPU = Debug|Any CPU
		Debug|x64 = Debug|x64
		Debug|x86 = Debug|x86
		Release|Any CPU = Release|Any CPU
		Release|x64 = Release|x64
		Release|x86 = Release|x86
	EndGlobalSection
	GlobalSection(ProjectConfigurationPlatforms) = postSolution
		{442C1192-BBC5-4442-A188-48F8C5A8E6AE}.Debug|Any CPU.ActiveCfg = Debug|Any CPU
		{442C1192-BBC5-4442-A188-48F8C5A8E6AE}.Debug|Any CPU.Build.0 = Debug|Any CPU
		{442C1192-BBC5-4442-A188-48F8C5A8E6AE}.Debug|x64.ActiveCfg = Debug|Any CPU
		{442C1192-BBC5-4442-A188-48F8C5A8E6AE}.Debug|x64.Build.0 = Debug|Any CPU
		{442C1192-BBC5-4442-A188-48F8C5A8E6AE}.Debug|x86.ActiveCfg = Debug|Any CPU
		{442C1192-BBC5-4442-A188-48F8C5A8E6AE}.Debug|x86.Build.0 = Debug|Any CPU
		{442C1192-BBC5-4442-A188-48F8C5A8E6AE}.Release|Any CPU.ActiveCfg = Release|Any CPU
		{442C1192-BBC5-4442-A188-48F8C5A8E6AE}.Release|Any CPU.Build.0 = Release|Any CPU
		{442C1192-BBC5-4442-A188-48F8C5A8E6AE}.Release|x64.ActiveCfg = Release|Any CPU
		{442C1192-BBC5-4442-A188-48F8C5A8E6AE}.Release|x64.Build.0 = Release|Any CPU
		{442C1192-BBC5-4442-A188-48F8C5A8E6AE}.Release|x86.ActiveCfg = Release|Any CPU
		{442C1192-BBC5-4442-A188-48F8C5A8E6AE}.Release|x86.Build.0 = Release|Any CPU
		{FD5E4527-F7A3-4EF6-87E8-717E72806504}.Debug|Any CPU.ActiveCfg = Debug|Any CPU
		{FD5E4527-F7A3-4EF6-87E8-717E72806504}.Debug|Any CPU.Build.0 = Debug|Any CPU
		{FD5E4527-F7A3-4EF6-87E8-717E72806504}.Debug|x64.ActiveCfg = Debug|Any CPU
		{FD5E4527-F7A3-4EF6-87E8-717E72806504}.Debug|x64.Build.0 = Debug|Any CPU
		{FD5E4527-F7A3-4EF6-87E8-717E72806504}.Debug|x86.ActiveCfg = Debug|Any CPU
		{FD5E4527-F7A3-4EF6-87E8-717E72806504}.Debug|x86.Build.0 = Debug|Any CPU
		{FD5E4527-F7A3-4EF6-87E8-717E72806504}.Release|Any CPU.ActiveCfg = Release|Any CPU
		{FD5E4527-F7A3-4EF6-87E8-717E72806504}.Release|Any CPU.Build.0 = Release|Any CPU
		{FD5E4527-F7A3-4EF6-87E8-717E72806504}.Release|x64.ActiveCfg = Release|Any CPU
		{FD5E4527-F7A3-4EF6-87E8-717E72806504}.Release|x64.Build.0 = Release|Any CPU
		{FD5E4527-F7A3-4EF6-87E8-717E72806504}.Release|x86.ActiveCfg = Release|Any CPU
		{FD5E4527-F7A3-4EF6-87E8-717E72806504}.Release|x86.Build.0 = Release|Any CPU
		{B9BB17BF-5F91-4132-873D-65F30E496246}.Debug|Any CPU.ActiveCfg = Debug|Any CPU
		{B9BB17BF-5F91-4132-873D-65F30E496246}.Debug|Any CPU.Build.0 = Debug|Any CPU
		{B9BB17BF-5F91-4132-873D-65F30E496246}.Debug|x64.ActiveCfg = Debug|Any CPU
		{B9BB17BF-5F91-4132-873D-65F30E496246}.Debug|x64.Build.0 = Debug|Any CPU
		{B9BB17BF-5F91-4132-873D-65F30E496246}.Debug|x86.ActiveCfg = Debug|Any CPU
		{B9BB17BF-5F91-4132-873D-65F30E496246}.Debug|x86.Build.0 = Debug|Any CPU
		{B9BB17BF-5F91-4132-873D-65F30E496246}.Release|Any CPU.ActiveCfg = Release|Any CPU
		{B9BB17BF-5F91-4132-873D-65F30E496246}.Release|Any CPU.Build.0 = Release|Any CPU
		{B9BB17BF-5F91-4132-873D-65F30E496246}.Release|x64.ActiveCfg = Release|Any CPU
		{B9BB17BF-5F91-4132-873D-65F30E496246}.Release|x64.Build.0 = Release|Any CPU
		{B9BB17BF-5F91-4132-873D-65F30E496246}.Release|x86.ActiveCfg = Release|Any CPU
		{B9BB17BF-5F91-4132-873D-65F30E496246}.Release|x86.Build.0 = Release|Any CPU
		{37CE3454-6F0E-4655-9EB4-ECB21354DD7D}.Debug|Any CPU.ActiveCfg = Debug|Any CPU
		{37CE3454-6F0E-4655-9EB4-ECB21354DD7D}.Debug|Any CPU.Build.0 = Debug|Any CPU
		{37CE3454-6F0E-4655-9EB4-ECB21354DD7D}.Debug|x64.ActiveCfg = Debug|Any CPU
		{37CE3454-6F0E-4655-9EB4-ECB21354DD7D}.Debug|x64.Build.0 = Debug|Any CPU
		{37CE3454-6F0E-4655-9EB4-ECB21354DD7D}.Debug|x86.ActiveCfg = Debug|Any CPU
		{37CE3454-6F0E-4655-9EB4-ECB21354DD7D}.Debug|x86.Build.0 = Debug|Any CPU
		{37CE3454-6F0E-4655-9EB4-ECB21354DD7D}.Release|Any CPU.ActiveCfg = Release|Any CPU
		{37CE3454-6F0E-4655-9EB4-ECB21354DD7D}.Release|Any CPU.Build.0 = Release|Any CPU
		{37CE3454-6F0E-4655-9EB4-ECB21354DD7D}.Release|x64.ActiveCfg = Release|Any CPU
		{37CE3454-6F0E-4655-9EB4-ECB21354DD7D}.Release|x64.Build.0 = Release|Any CPU
		{37CE3454-6F0E-4655-9EB4-ECB21354DD7D}.Release|x86.ActiveCfg = Release|Any CPU
		{37CE3454-6F0E-4655-9EB4-ECB21354DD7D}.Release|x86.Build.0 = Release|Any CPU
		{68B17B9B-026A-4C05-8736-6DF869AFA359}.Debug|Any CPU.ActiveCfg = Debug|Any CPU
		{68B17B9B-026A-4C05-8736-6DF869AFA359}.Debug|Any CPU.Build.0 = Debug|Any CPU
		{68B17B9B-026A-4C05-8736-6DF869AFA359}.Debug|Any CPU.Deploy.0 = Debug|Any CPU
		{68B17B9B-026A-4C05-8736-6DF869AFA359}.Debug|x64.ActiveCfg = Debug|Any CPU
		{68B17B9B-026A-4C05-8736-6DF869AFA359}.Debug|x64.Build.0 = Debug|Any CPU
		{68B17B9B-026A-4C05-8736-6DF869AFA359}.Debug|x64.Deploy.0 = Debug|Any CPU
		{68B17B9B-026A-4C05-8736-6DF869AFA359}.Debug|x86.ActiveCfg = Debug|Any CPU
		{68B17B9B-026A-4C05-8736-6DF869AFA359}.Debug|x86.Build.0 = Debug|Any CPU
		{68B17B9B-026A-4C05-8736-6DF869AFA359}.Debug|x86.Deploy.0 = Debug|Any CPU
		{68B17B9B-026A-4C05-8736-6DF869AFA359}.Release|Any CPU.ActiveCfg = Release|Any CPU
		{68B17B9B-026A-4C05-8736-6DF869AFA359}.Release|Any CPU.Build.0 = Release|Any CPU
		{68B17B9B-026A-4C05-8736-6DF869AFA359}.Release|Any CPU.Deploy.0 = Release|Any CPU
		{68B17B9B-026A-4C05-8736-6DF869AFA359}.Release|x64.ActiveCfg = Release|Any CPU
		{68B17B9B-026A-4C05-8736-6DF869AFA359}.Release|x64.Build.0 = Release|Any CPU
		{68B17B9B-026A-4C05-8736-6DF869AFA359}.Release|x64.Deploy.0 = Release|Any CPU
		{68B17B9B-026A-4C05-8736-6DF869AFA359}.Release|x86.ActiveCfg = Release|Any CPU
		{68B17B9B-026A-4C05-8736-6DF869AFA359}.Release|x86.Build.0 = Release|Any CPU
		{68B17B9B-026A-4C05-8736-6DF869AFA359}.Release|x86.Deploy.0 = Release|Any CPU
		{5CCB2103-1DF9-39CB-4350-EBBF945ADF4C}.Debug|Any CPU.ActiveCfg = Debug|Any CPU
		{5CCB2103-1DF9-39CB-4350-EBBF945ADF4C}.Debug|Any CPU.Build.0 = Debug|Any CPU
		{5CCB2103-1DF9-39CB-4350-EBBF945ADF4C}.Debug|x64.ActiveCfg = Debug|Any CPU
		{5CCB2103-1DF9-39CB-4350-EBBF945ADF4C}.Debug|x64.Build.0 = Debug|Any CPU
		{5CCB2103-1DF9-39CB-4350-EBBF945ADF4C}.Debug|x86.ActiveCfg = Debug|Any CPU
		{5CCB2103-1DF9-39CB-4350-EBBF945ADF4C}.Debug|x86.Build.0 = Debug|Any CPU
		{5CCB2103-1DF9-39CB-4350-EBBF945ADF4C}.Release|Any CPU.ActiveCfg = Release|Any CPU
		{5CCB2103-1DF9-39CB-4350-EBBF945ADF4C}.Release|Any CPU.Build.0 = Release|Any CPU
		{5CCB2103-1DF9-39CB-4350-EBBF945ADF4C}.Release|x64.ActiveCfg = Release|Any CPU
		{5CCB2103-1DF9-39CB-4350-EBBF945ADF4C}.Release|x64.Build.0 = Release|Any CPU
		{5CCB2103-1DF9-39CB-4350-EBBF945ADF4C}.Release|x86.ActiveCfg = Release|Any CPU
		{5CCB2103-1DF9-39CB-4350-EBBF945ADF4C}.Release|x86.Build.0 = Release|Any CPU
	EndGlobalSection
	GlobalSection(SolutionProperties) = preSolution
		HideSolutionNode = FALSE
	EndGlobalSection
	GlobalSection(NestedProjects) = preSolution
		{8D626EA8-CB54-BC41-363A-217881BEBA6E} = {827E0CD3-B72D-47B6-A68D-7590B98EB39B}
		{442C1192-BBC5-4442-A188-48F8C5A8E6AE} = {8D626EA8-CB54-BC41-363A-217881BEBA6E}
		{FD5E4527-F7A3-4EF6-87E8-717E72806504} = {8D626EA8-CB54-BC41-363A-217881BEBA6E}
		{981C2CF6-E5BB-602A-511C-234B538302B0} = {827E0CD3-B72D-47B6-A68D-7590B98EB39B}
		{15879CB8-7A3F-14CE-5390-BDD4BAA5791B} = {827E0CD3-B72D-47B6-A68D-7590B98EB39B}
		{B9BB17BF-5F91-4132-873D-65F30E496246} = {15879CB8-7A3F-14CE-5390-BDD4BAA5791B}
		{CEA09484-30F6-4D44-02F6-822E06DBC57C} = {827E0CD3-B72D-47B6-A68D-7590B98EB39B}
		{37CE3454-6F0E-4655-9EB4-ECB21354DD7D} = {CEA09484-30F6-4D44-02F6-822E06DBC57C}
		{68B17B9B-026A-4C05-8736-6DF869AFA359} = {15879CB8-7A3F-14CE-5390-BDD4BAA5791B}
		{5CCB2103-1DF9-39CB-4350-EBBF945ADF4C} = {981C2CF6-E5BB-602A-511C-234B538302B0}
	EndGlobalSection
	GlobalSection(ExtensibilityGlobals) = postSolution
		SolutionGuid = {261D4DAC-224C-4592-8877-AB1CEA7D8E00}
	EndGlobalSection
EndGlobal
